
Microsoft Visual Studio Solution File, Format Version 12.00
# Visual Studio Version 17
VisualStudioVersion = 17.9.34616.47
MinimumVisualStudioVersion = 10.0.40219.1
Project("{FAE04EC0-301F-11D3-BF4B-00C04F79EFBC}") = "kodlamaio", "kodlamaio\kodlamaio.csproj", "{A0119863-D7D9-4D5C-8462-0F6BD5B3AC3D}"
EndProject
Global
	GlobalSection(SolutionConfigurationPlatforms) = preSolution
		Debug|Any CPU = Debug|Any CPU
		Release|Any CPU = Release|Any CPU
	EndGlobalSection
	GlobalSection(ProjectConfigurationPlatforms) = postSolution
		{A0119863-D7D9-4D5C-8462-0F6BD5B3AC3D}.Debug|Any CPU.ActiveCfg = Debug|Any CPU
		{A0119863-D7D9-4D5C-8462-0F6BD5B3AC3D}.Debug|Any CPU.Build.0 = Debug|Any CPU
		{A0119863-D7D9-4D5C-8462-0F6BD5B3AC3D}.Release|Any CPU.ActiveCfg = Release|Any CPU
		{A0119863-D7D9-4D5C-8462-0F6BD5B3AC3D}.Release|Any CPU.Build.0 = Release|Any CPU
	EndGlobalSection
	GlobalSection(SolutionProperties) = preSolution
		HideSolutionNode = FALSE
	EndGlobalSection
	GlobalSection(ExtensibilityGlobals) = postSolution
		SolutionGuid = {4167E958-5275-406A-8930-69B154777620}
	EndGlobalSection
EndGlobal
